
Microsoft Visual Studio Solution File, Format Version 12.00
# Visual Studio 2012
Project("{FAE04EC0-301F-11D3-BF4B-00C04F79EFBC}") = "listboxObject", "listboxObject\listboxObject.csproj", "{B64F6691-0F5E-45BF-94E6-2797E11120BB}"
EndProject
Global
	GlobalSection(SolutionConfigurationPlatforms) = preSolution
		Debug|Any CPU = Debug|Any CPU
		Release|Any CPU = Release|Any CPU
	EndGlobalSection
	GlobalSection(ProjectConfigurationPlatforms) = postSolution
		{B64F6691-0F5E-45BF-94E6-2797E11120BB}.Debug|Any CPU.ActiveCfg = Debug|Any CPU
		{B64F6691-0F5E-45BF-94E6-2797E11120BB}.Debug|Any CPU.Build.0 = Debug|Any CPU
		{B64F6691-0F5E-45BF-94E6-2797E11120BB}.Release|Any CPU.ActiveCfg = Release|Any CPU
		{B64F6691-0F5E-45BF-94E6-2797E11120BB}.Release|Any CPU.Build.0 = Release|Any CPU
	EndGlobalSection
	GlobalSection(SolutionProperties) = preSolution
		HideSolutionNode = FALSE
	EndGlobalSection
EndGlobal
