
Microsoft Visual Studio Solution File, Format Version 12.00
# Visual Studio 2012
Project("{FAE04EC0-301F-11D3-BF4B-00C04F79EFBC}") = "Hesap Defterim", "Hesap Defterim\Hesap Defterim.csproj", "{189E1A66-B388-46AD-9A17-2C4ADD7C9017}"
EndProject
Global
	GlobalSection(SolutionConfigurationPlatforms) = preSolution
		Debug|Any CPU = Debug|Any CPU
		Release|Any CPU = Release|Any CPU
	EndGlobalSection
	GlobalSection(ProjectConfigurationPlatforms) = postSolution
		{189E1A66-B388-46AD-9A17-2C4ADD7C9017}.Debug|Any CPU.ActiveCfg = Debug|Any CPU
		{189E1A66-B388-46AD-9A17-2C4ADD7C9017}.Debug|Any CPU.Build.0 = Debug|Any CPU
		{189E1A66-B388-46AD-9A17-2C4ADD7C9017}.Release|Any CPU.ActiveCfg = Release|Any CPU
		{189E1A66-B388-46AD-9A17-2C4ADD7C9017}.Release|Any CPU.Build.0 = Release|Any CPU
	EndGlobalSection
	GlobalSection(SolutionProperties) = preSolution
		HideSolutionNode = FALSE
	EndGlobalSection
EndGlobal
