
Microsoft Visual Studio Solution File, Format Version 12.00
# Visual Studio 2012
Project("{FAE04EC0-301F-11D3-BF4B-00C04F79EFBC}") = "formUygulama", "formUygulama\formUygulama.csproj", "{950626F6-D730-47FD-8E3D-82AEACF15ABC}"
EndProject
Global
	GlobalSection(SolutionConfigurationPlatforms) = preSolution
		Debug|Any CPU = Debug|Any CPU
		Release|Any CPU = Release|Any CPU
	EndGlobalSection
	GlobalSection(ProjectConfigurationPlatforms) = postSolution
		{950626F6-D730-47FD-8E3D-82AEACF15ABC}.Debug|Any CPU.ActiveCfg = Debug|Any CPU
		{950626F6-D730-47FD-8E3D-82AEACF15ABC}.Debug|Any CPU.Build.0 = Debug|Any CPU
		{950626F6-D730-47FD-8E3D-82AEACF15ABC}.Release|Any CPU.ActiveCfg = Release|Any CPU
		{950626F6-D730-47FD-8E3D-82AEACF15ABC}.Release|Any CPU.Build.0 = Release|Any CPU
	EndGlobalSection
	GlobalSection(SolutionProperties) = preSolution
		HideSolutionNode = FALSE
	EndGlobalSection
EndGlobal
